// !$*UTF8*$!
{
	archiveVersion = 1;
	classes = {
	};
	objectVersion = 46;
	objects = {

/* Begin PBXBuildFile section */
		502A8CB31BB80EAC0064E0DA /* AppDelegate.swift in Sources */ = {isa = PBXBuildFile; fileRef = 502A8CB21BB80EAC0064E0DA /* AppDelegate.swift */; };
		502A8CB51BB80EAC0064E0DA /* ViewController.swift in Sources */ = {isa = PBXBuildFile; fileRef = 502A8CB41BB80EAC0064E0DA /* ViewController.swift */; };
		502A8CB81BB80EAC0064E0DA /* Main.storyboard in Resources */ = {isa = PBXBuildFile; fileRef = 502A8CB61BB80EAC0064E0DA /* Main.storyboard */; };
		502A8CBA1BB80EAC0064E0DA /* Assets.xcassets in Resources */ = {isa = PBXBuildFile; fileRef = 502A8CB91BB80EAC0064E0DA /* Assets.xcassets */; };
		502A8CBD1BB80EAC0064E0DA /* LaunchScreen.storyboard in Resources */ = {isa = PBXBuildFile; fileRef = 502A8CBB1BB80EAC0064E0DA /* LaunchScreen.storyboard */; };
		502A8CC91BB80FC40064E0DA /* GuillotineMenuSegue.swift in Sources */ = {isa = PBXBuildFile; fileRef = 502A8CC51BB80FC40064E0DA /* GuillotineMenuSegue.swift */; settings = {ASSET_TAGS = (); }; };
		502A8CCA1BB80FC40064E0DA /* GuillotineMenuTransitionAnimation.swift in Sources */ = {isa = PBXBuildFile; fileRef = 502A8CC61BB80FC40064E0DA /* GuillotineMenuTransitionAnimation.swift */; settings = {ASSET_TAGS = (); }; };
		502A8CCB1BB80FC40064E0DA /* GuillotineMenuViewController.swift in Sources */ = {isa = PBXBuildFile; fileRef = 502A8CC71BB80FC40064E0DA /* GuillotineMenuViewController.swift */; settings = {ASSET_TAGS = (); }; };
		502A8CCC1BB80FC40064E0DA /* UIViewExtension.swift in Sources */ = {isa = PBXBuildFile; fileRef = 502A8CC81BB80FC40064E0DA /* UIViewExtension.swift */; settings = {ASSET_TAGS = (); }; };
		502A8CDF1BB822410064E0DA /* MenuWhite.png in Resources */ = {isa = PBXBuildFile; fileRef = 502A8CD91BB822410064E0DA /* MenuWhite.png */; settings = {ASSET_TAGS = (); }; };
		502A8CE01BB822410064E0DA /* MenuWhite@2x.png in Resources */ = {isa = PBXBuildFile; fileRef = 502A8CDA1BB822410064E0DA /* MenuWhite@2x.png */; settings = {ASSET_TAGS = (); }; };
		502A8CE11BB822410064E0DA /* MenuWhite@3x.png in Resources */ = {isa = PBXBuildFile; fileRef = 502A8CDB1BB822410064E0DA /* MenuWhite@3x.png */; settings = {ASSET_TAGS = (); }; };
		50BE470B1BBA253500724119 /* SwiftPagesViewController.swift in Sources */ = {isa = PBXBuildFile; fileRef = 50BE470A1BBA253500724119 /* SwiftPagesViewController.swift */; settings = {ASSET_TAGS = (); }; };
		50BE470D1BBA291F00724119 /* SwiftPages.swift in Sources */ = {isa = PBXBuildFile; fileRef = 50BE470C1BBA291F00724119 /* SwiftPages.swift */; settings = {ASSET_TAGS = (); }; };
		50BE47111BBA388400724119 /* MenuMalibu.png in Resources */ = {isa = PBXBuildFile; fileRef = 50BE470E1BBA388400724119 /* MenuMalibu.png */; settings = {ASSET_TAGS = (); }; };
		50BE47121BBA388400724119 /* MenuMalibu@2x.png in Resources */ = {isa = PBXBuildFile; fileRef = 50BE470F1BBA388400724119 /* MenuMalibu@2x.png */; settings = {ASSET_TAGS = (); }; };
		50BE47131BBA388400724119 /* MenuMalibu@3x.png in Resources */ = {isa = PBXBuildFile; fileRef = 50BE47101BBA388400724119 /* MenuMalibu@3x.png */; settings = {ASSET_TAGS = (); }; };
		50FA4B871BB9474300BC8958 /* 0.jpg in Resources */ = {isa = PBXBuildFile; fileRef = 50FA4B861BB9474300BC8958 /* 0.jpg */; settings = {ASSET_TAGS = (); }; };
		50FD7F501BB8FFF600ABEC38 /* CategoryCollectionViewCell.swift in Sources */ = {isa = PBXBuildFile; fileRef = 50FD7F4F1BB8FFF600ABEC38 /* CategoryCollectionViewCell.swift */; settings = {ASSET_TAGS = (); }; };
		50FD7F591BB9089300ABEC38 /* 2.jpg in Resources */ = {isa = PBXBuildFile; fileRef = 50FD7F581BB9089300ABEC38 /* 2.jpg */; settings = {ASSET_TAGS = (); }; };
		50FD7F5B1BB909E100ABEC38 /* 1.jpg in Resources */ = {isa = PBXBuildFile; fileRef = 50FD7F5A1BB909E100ABEC38 /* 1.jpg */; settings = {ASSET_TAGS = (); }; };
		50FD7F5D1BB90A8900ABEC38 /* 3.jpg in Resources */ = {isa = PBXBuildFile; fileRef = 50FD7F5C1BB90A8900ABEC38 /* 3.jpg */; settings = {ASSET_TAGS = (); }; };
		50FD7F5F1BB90AF500ABEC38 /* 4.jpg in Resources */ = {isa = PBXBuildFile; fileRef = 50FD7F5E1BB90AF500ABEC38 /* 4.jpg */; settings = {ASSET_TAGS = (); }; };
/* End PBXBuildFile section */

/* Begin PBXFileReference section */
		502A8CAF1BB80EAC0064E0DA /* Blagaprint.app */ = {isa = PBXFileReference; explicitFileType = wrapper.application; includeInIndex = 0; path = Blagaprint.app; sourceTree = BUILT_PRODUCTS_DIR; };
		502A8CB21BB80EAC0064E0DA /* AppDelegate.swift */ = {isa = PBXFileReference; lastKnownFileType = sourcecode.swift; path = AppDelegate.swift; sourceTree = "<group>"; };
		502A8CB41BB80EAC0064E0DA /* ViewController.swift */ = {isa = PBXFileReference; lastKnownFileType = sourcecode.swift; path = ViewController.swift; sourceTree = "<group>"; };
		502A8CB71BB80EAC0064E0DA /* Base */ = {isa = PBXFileReference; lastKnownFileType = file.storyboard; name = Base; path = Base.lproj/Main.storyboard; sourceTree = "<group>"; };
		502A8CB91BB80EAC0064E0DA /* Assets.xcassets */ = {isa = PBXFileReference; lastKnownFileType = folder.assetcatalog; path = Assets.xcassets; sourceTree = "<group>"; };
		502A8CBC1BB80EAC0064E0DA /* Base */ = {isa = PBXFileReference; lastKnownFileType = file.storyboard; name = Base; path = Base.lproj/LaunchScreen.storyboard; sourceTree = "<group>"; };
		502A8CBE1BB80EAC0064E0DA /* Info.plist */ = {isa = PBXFileReference; lastKnownFileType = text.plist.xml; path = Info.plist; sourceTree = "<group>"; };
		502A8CC51BB80FC40064E0DA /* GuillotineMenuSegue.swift */ = {isa = PBXFileReference; fileEncoding = 4; lastKnownFileType = sourcecode.swift; path = GuillotineMenuSegue.swift; sourceTree = "<group>"; };
		502A8CC61BB80FC40064E0DA /* GuillotineMenuTransitionAnimation.swift */ = {isa = PBXFileReference; fileEncoding = 4; lastKnownFileType = sourcecode.swift; path = GuillotineMenuTransitionAnimation.swift; sourceTree = "<group>"; };
		502A8CC71BB80FC40064E0DA /* GuillotineMenuViewController.swift */ = {isa = PBXFileReference; fileEncoding = 4; lastKnownFileType = sourcecode.swift; path = GuillotineMenuViewController.swift; sourceTree = "<group>"; };
		502A8CC81BB80FC40064E0DA /* UIViewExtension.swift */ = {isa = PBXFileReference; fileEncoding = 4; lastKnownFileType = sourcecode.swift; path = UIViewExtension.swift; sourceTree = "<group>"; };
		502A8CD91BB822410064E0DA /* MenuWhite.png */ = {isa = PBXFileReference; lastKnownFileType = image.png; path = MenuWhite.png; sourceTree = "<group>"; };
		502A8CDA1BB822410064E0DA /* MenuWhite@2x.png */ = {isa = PBXFileReference; lastKnownFileType = image.png; path = "MenuWhite@2x.png"; sourceTree = "<group>"; };
		502A8CDB1BB822410064E0DA /* MenuWhite@3x.png */ = {isa = PBXFileReference; lastKnownFileType = image.png; path = "MenuWhite@3x.png"; sourceTree = "<group>"; };
		50BE470A1BBA253500724119 /* SwiftPagesViewController.swift */ = {isa = PBXFileReference; fileEncoding = 4; lastKnownFileType = sourcecode.swift; path = SwiftPagesViewController.swift; sourceTree = "<group>"; };
		50BE470C1BBA291F00724119 /* SwiftPages.swift */ = {isa = PBXFileReference; fileEncoding = 4; lastKnownFileType = sourcecode.swift; path = SwiftPages.swift; sourceTree = "<group>"; };
		50BE470E1BBA388400724119 /* MenuMalibu.png */ = {isa = PBXFileReference; lastKnownFileType = image.png; path = MenuMalibu.png; sourceTree = "<group>"; };
		50BE470F1BBA388400724119 /* MenuMalibu@2x.png */ = {isa = PBXFileReference; lastKnownFileType = image.png; path = "MenuMalibu@2x.png"; sourceTree = "<group>"; };
		50BE47101BBA388400724119 /* MenuMalibu@3x.png */ = {isa = PBXFileReference; lastKnownFileType = image.png; path = "MenuMalibu@3x.png"; sourceTree = "<group>"; };
		50FA4B861BB9474300BC8958 /* 0.jpg */ = {isa = PBXFileReference; lastKnownFileType = image.jpeg; path = 0.jpg; sourceTree = "<group>"; };
		50FD7F4F1BB8FFF600ABEC38 /* CategoryCollectionViewCell.swift */ = {isa = PBXFileReference; fileEncoding = 4; lastKnownFileType = sourcecode.swift; path = CategoryCollectionViewCell.swift; sourceTree = "<group>"; };
		50FD7F581BB9089300ABEC38 /* 2.jpg */ = {isa = PBXFileReference; lastKnownFileType = image.jpeg; path = 2.jpg; sourceTree = "<group>"; };
		50FD7F5A1BB909E100ABEC38 /* 1.jpg */ = {isa = PBXFileReference; lastKnownFileType = image.jpeg; path = 1.jpg; sourceTree = "<group>"; };
		50FD7F5C1BB90A8900ABEC38 /* 3.jpg */ = {isa = PBXFileReference; lastKnownFileType = image.jpeg; path = 3.jpg; sourceTree = "<group>"; };
		50FD7F5E1BB90AF500ABEC38 /* 4.jpg */ = {isa = PBXFileReference; lastKnownFileType = image.jpeg; path = 4.jpg; sourceTree = "<group>"; };
/* End PBXFileReference section */

/* Begin PBXFrameworksBuildPhase section */
		502A8CAC1BB80EAC0064E0DA /* Frameworks */ = {
			isa = PBXFrameworksBuildPhase;
			buildActionMask = 2147483647;
			files = (
			);
			runOnlyForDeploymentPostprocessing = 0;
		};
/* End PBXFrameworksBuildPhase section */

/* Begin PBXGroup section */
		502A8CA61BB80EAC0064E0DA = {
			isa = PBXGroup;
			children = (
				502A8CB11BB80EAC0064E0DA /* Blagaprint */,
				502A8CB01BB80EAC0064E0DA /* Products */,
			);
			sourceTree = "<group>";
		};
		502A8CB01BB80EAC0064E0DA /* Products */ = {
			isa = PBXGroup;
			children = (
				502A8CAF1BB80EAC0064E0DA /* Blagaprint.app */,
			);
			name = Products;
			sourceTree = "<group>";
		};
		502A8CB11BB80EAC0064E0DA /* Blagaprint */ = {
			isa = PBXGroup;
			children = (
				50FD7F521BB903C200ABEC38 /* AppDelegate */,
				50FD7F531BB903CC00ABEC38 /* ViewControllers */,
				502A8CB61BB80EAC0064E0DA /* Main.storyboard */,
				50FD7F511BB903B700ABEC38 /* View */,
				502A8CB91BB80EAC0064E0DA /* Assets.xcassets */,
				502A8CBB1BB80EAC0064E0DA /* LaunchScreen.storyboard */,
				502A8CBE1BB80EAC0064E0DA /* Info.plist */,
				502A8CD41BB8120A0064E0DA /* Resources */,
				502A8CCD1BB811EE0064E0DA /* ThirdParty */,
			);
			path = Blagaprint;
			sourceTree = "<group>";
		};
		502A8CC41BB80FC40064E0DA /* GuillotineMenu */ = {
			isa = PBXGroup;
			children = (
				502A8CC51BB80FC40064E0DA /* GuillotineMenuSegue.swift */,
				502A8CC61BB80FC40064E0DA /* GuillotineMenuTransitionAnimation.swift */,
				502A8CC71BB80FC40064E0DA /* GuillotineMenuViewController.swift */,
				502A8CC81BB80FC40064E0DA /* UIViewExtension.swift */,
			);
			path = GuillotineMenu;
			sourceTree = "<group>";
		};
		502A8CCD1BB811EE0064E0DA /* ThirdParty */ = {
			isa = PBXGroup;
			children = (
				50BE47091BBA238000724119 /* SwiftPages */,
				502A8CC41BB80FC40064E0DA /* GuillotineMenu */,
			);
			name = ThirdParty;
			sourceTree = "<group>";
		};
		502A8CD41BB8120A0064E0DA /* Resources */ = {
			isa = PBXGroup;
			children = (
				50FA4B7F1BB9385500BC8958 /* CategoriesImages */,
				502A8CD51BB8126E0064E0DA /* NavigationBar */,
			);
			name = Resources;
			sourceTree = "<group>";
		};
		502A8CD51BB8126E0064E0DA /* NavigationBar */ = {
			isa = PBXGroup;
			children = (
				502A8CD91BB822410064E0DA /* MenuWhite.png */,
				502A8CDA1BB822410064E0DA /* MenuWhite@2x.png */,
				502A8CDB1BB822410064E0DA /* MenuWhite@3x.png */,
				50BE470E1BBA388400724119 /* MenuMalibu.png */,
				50BE470F1BBA388400724119 /* MenuMalibu@2x.png */,
				50BE47101BBA388400724119 /* MenuMalibu@3x.png */,
			);
			name = NavigationBar;
			sourceTree = "<group>";
		};
		50BE47091BBA238000724119 /* SwiftPages */ = {
			isa = PBXGroup;
			children = (
				50BE470C1BBA291F00724119 /* SwiftPages.swift */,
			);
			name = SwiftPages;
			sourceTree = "<group>";
		};
		50FA4B7F1BB9385500BC8958 /* CategoriesImages */ = {
			isa = PBXGroup;
			children = (
				50FA4B861BB9474300BC8958 /* 0.jpg */,
				50FD7F5A1BB909E100ABEC38 /* 1.jpg */,
				50FD7F581BB9089300ABEC38 /* 2.jpg */,
				50FD7F5C1BB90A8900ABEC38 /* 3.jpg */,
				50FD7F5E1BB90AF500ABEC38 /* 4.jpg */,
			);
			name = CategoriesImages;
			sourceTree = "<group>";
		};
		50FD7F511BB903B700ABEC38 /* View */ = {
			isa = PBXGroup;
			children = (
				50FD7F4F1BB8FFF600ABEC38 /* CategoryCollectionViewCell.swift */,
			);
			name = View;
			sourceTree = "<group>";
		};
		50FD7F521BB903C200ABEC38 /* AppDelegate */ = {
			isa = PBXGroup;
			children = (
				502A8CB21BB80EAC0064E0DA /* AppDelegate.swift */,
			);
			name = AppDelegate;
			sourceTree = "<group>";
		};
		50FD7F531BB903CC00ABEC38 /* ViewControllers */ = {
			isa = PBXGroup;
			children = (
				50BE470A1BBA253500724119 /* SwiftPagesViewController.swift */,
				502A8CB41BB80EAC0064E0DA /* ViewController.swift */,
			);
			name = ViewControllers;
			sourceTree = "<group>";
		};
/* End PBXGroup section */

/* Begin PBXNativeTarget section */
		502A8CAE1BB80EAC0064E0DA /* Blagaprint */ = {
			isa = PBXNativeTarget;
			buildConfigurationList = 502A8CC11BB80EAC0064E0DA /* Build configuration list for PBXNativeTarget "Blagaprint" */;
			buildPhases = (
				502A8CAB1BB80EAC0064E0DA /* Sources */,
				502A8CAC1BB80EAC0064E0DA /* Frameworks */,
				502A8CAD1BB80EAC0064E0DA /* Resources */,
			);
			buildRules = (
			);
			dependencies = (
			);
			name = Blagaprint;
			productName = Blagaprint;
			productReference = 502A8CAF1BB80EAC0064E0DA /* Blagaprint.app */;
			productType = "com.apple.product-type.application";
		};
/* End PBXNativeTarget section */

/* Begin PBXProject section */
		502A8CA71BB80EAC0064E0DA /* Project object */ = {
			isa = PBXProject;
			attributes = {
				LastUpgradeCheck = 0700;
				ORGANIZATIONNAME = Blagaprint;
				TargetAttributes = {
					502A8CAE1BB80EAC0064E0DA = {
						CreatedOnToolsVersion = 7.0;
					};
				};
			};
			buildConfigurationList = 502A8CAA1BB80EAC0064E0DA /* Build configuration list for PBXProject "Blagaprint" */;
			compatibilityVersion = "Xcode 3.2";
			developmentRegion = English;
			hasScannedForEncodings = 0;
			knownRegions = (
				en,
				Base,
			);
			mainGroup = 502A8CA61BB80EAC0064E0DA;
			productRefGroup = 502A8CB01BB80EAC0064E0DA /* Products */;
			projectDirPath = "";
			projectRoot = "";
			targets = (
				502A8CAE1BB80EAC0064E0DA /* Blagaprint */,
			);
		};
/* End PBXProject section */

/* Begin PBXResourcesBuildPhase section */
		502A8CAD1BB80EAC0064E0DA /* Resources */ = {
			isa = PBXResourcesBuildPhase;
			buildActionMask = 2147483647;
			files = (
				50FD7F5F1BB90AF500ABEC38 /* 4.jpg in Resources */,
				502A8CBD1BB80EAC0064E0DA /* LaunchScreen.storyboard in Resources */,
				502A8CBA1BB80EAC0064E0DA /* Assets.xcassets in Resources */,
				502A8CE01BB822410064E0DA /* MenuWhite@2x.png in Resources */,
				50BE47131BBA388400724119 /* MenuMalibu@3x.png in Resources */,
				50FD7F5B1BB909E100ABEC38 /* 1.jpg in Resources */,
				502A8CE11BB822410064E0DA /* MenuWhite@3x.png in Resources */,
				50FD7F5D1BB90A8900ABEC38 /* 3.jpg in Resources */,
				502A8CDF1BB822410064E0DA /* MenuWhite.png in Resources */,
				50BE47111BBA388400724119 /* MenuMalibu.png in Resources */,
				50BE47121BBA388400724119 /* MenuMalibu@2x.png in Resources */,
				50FA4B871BB9474300BC8958 /* 0.jpg in Resources */,
				502A8CB81BB80EAC0064E0DA /* Main.storyboard in Resources */,
				50FD7F591BB9089300ABEC38 /* 2.jpg in Resources */,
			);
			runOnlyForDeploymentPostprocessing = 0;
		};
/* End PBXResourcesBuildPhase section */

/* Begin PBXSourcesBuildPhase section */
		502A8CAB1BB80EAC0064E0DA /* Sources */ = {
			isa = PBXSourcesBuildPhase;
			buildActionMask = 2147483647;
			files = (
				502A8CCC1BB80FC40064E0DA /* UIViewExtension.swift in Sources */,
				50BE470B1BBA253500724119 /* SwiftPagesViewController.swift in Sources */,
				50BE470D1BBA291F00724119 /* SwiftPages.swift in Sources */,
				502A8CC91BB80FC40064E0DA /* GuillotineMenuSegue.swift in Sources */,
				502A8CB51BB80EAC0064E0DA /* ViewController.swift in Sources */,
				502A8CCB1BB80FC40064E0DA /* GuillotineMenuViewController.swift in Sources */,
				502A8CCA1BB80FC40064E0DA /* GuillotineMenuTransitionAnimation.swift in Sources */,
				50FD7F501BB8FFF600ABEC38 /* CategoryCollectionViewCell.swift in Sources */,
				502A8CB31BB80EAC0064E0DA /* AppDelegate.swift in Sources */,
			);
			runOnlyForDeploymentPostprocessing = 0;
		};
/* End PBXSourcesBuildPhase section */

/* Begin PBXVariantGroup section */
		502A8CB61BB80EAC0064E0DA /* Main.storyboard */ = {
			isa = PBXVariantGroup;
			children = (
				502A8CB71BB80EAC0064E0DA /* Base */,
			);
			name = Main.storyboard;
			sourceTree = "<group>";
		};
		502A8CBB1BB80EAC0064E0DA /* LaunchScreen.storyboard */ = {
			isa = PBXVariantGroup;
			children = (
				502A8CBC1BB80EAC0064E0DA /* Base */,
			);
			name = LaunchScreen.storyboard;
			sourceTree = "<group>";
		};
/* End PBXVariantGroup section */

/* Begin XCBuildConfiguration section */
		502A8CBF1BB80EAC0064E0DA /* Debug */ = {
			isa = XCBuildConfiguration;
			buildSettings = {
				ALWAYS_SEARCH_USER_PATHS = NO;
				CLANG_CXX_LANGUAGE_STANDARD = "gnu++0x";
				CLANG_CXX_LIBRARY = "libc++";
				CLANG_ENABLE_MODULES = YES;
				CLANG_ENABLE_OBJC_ARC = YES;
				CLANG_WARN_BOOL_CONVERSION = YES;
				CLANG_WARN_CONSTANT_CONVERSION = YES;
				CLANG_WARN_DIRECT_OBJC_ISA_USAGE = YES_ERROR;
				CLANG_WARN_EMPTY_BODY = YES;
				CLANG_WARN_ENUM_CONVERSION = YES;
				CLANG_WARN_INT_CONVERSION = YES;
				CLANG_WARN_OBJC_ROOT_CLASS = YES_ERROR;
				CLANG_WARN_UNREACHABLE_CODE = YES;
				CLANG_WARN__DUPLICATE_METHOD_MATCH = YES;
				"CODE_SIGN_IDENTITY[sdk=iphoneos*]" = "iPhone Developer";
				COPY_PHASE_STRIP = NO;
				DEBUG_INFORMATION_FORMAT = dwarf;
				ENABLE_STRICT_OBJC_MSGSEND = YES;
				ENABLE_TESTABILITY = YES;
				GCC_C_LANGUAGE_STANDARD = gnu99;
				GCC_DYNAMIC_NO_PIC = NO;
				GCC_NO_COMMON_BLOCKS = YES;
				GCC_OPTIMIZATION_LEVEL = 0;
				GCC_PREPROCESSOR_DEFINITIONS = (
					"DEBUG=1",
					"$(inherited)",
				);
				GCC_WARN_64_TO_32_BIT_CONVERSION = YES;
				GCC_WARN_ABOUT_RETURN_TYPE = YES_ERROR;
				GCC_WARN_UNDECLARED_SELECTOR = YES;
				GCC_WARN_UNINITIALIZED_AUTOS = YES_AGGRESSIVE;
				GCC_WARN_UNUSED_FUNCTION = YES;
				GCC_WARN_UNUSED_VARIABLE = YES;
				IPHONEOS_DEPLOYMENT_TARGET = 9.0;
				MTL_ENABLE_DEBUG_INFO = YES;
				ONLY_ACTIVE_ARCH = YES;
				SDKROOT = iphoneos;
				SWIFT_OPTIMIZATION_LEVEL = "-Onone";
			};
			name = Debug;
		};
		502A8CC01BB80EAC0064E0DA /* Release */ = {
			isa = XCBuildConfiguration;
			buildSettings = {
				ALWAYS_SEARCH_USER_PATHS = NO;
				CLANG_CXX_LANGUAGE_STANDARD = "gnu++0x";
				CLANG_CXX_LIBRARY = "libc++";
				CLANG_ENABLE_MODULES = YES;
				CLANG_ENABLE_OBJC_ARC = YES;
				CLANG_WARN_BOOL_CONVERSION = YES;
				CLANG_WARN_CONSTANT_CONVERSION = YES;
				CLANG_WARN_DIRECT_OBJC_ISA_USAGE = YES_ERROR;
				CLANG_WARN_EMPTY_BODY = YES;
				CLANG_WARN_ENUM_CONVERSION = YES;
				CLANG_WARN_INT_CONVERSION = YES;
				CLANG_WARN_OBJC_ROOT_CLASS = YES_ERROR;
				CLANG_WARN_UNREACHABLE_CODE = YES;
				CLANG_WARN__DUPLICATE_METHOD_MATCH = YES;
				"CODE_SIGN_IDENTITY[sdk=iphoneos*]" = "iPhone Developer";
				COPY_PHASE_STRIP = NO;
				DEBUG_INFORMATION_FORMAT = "dwarf-with-dsym";
				ENABLE_NS_ASSERTIONS = NO;
				ENABLE_STRICT_OBJC_MSGSEND = YES;
				GCC_C_LANGUAGE_STANDARD = gnu99;
				GCC_NO_COMMON_BLOCKS = YES;
				GCC_WARN_64_TO_32_BIT_CONVERSION = YES;
				GCC_WARN_ABOUT_RETURN_TYPE = YES_ERROR;
				GCC_WARN_UNDECLARED_SELECTOR = YES;
				GCC_WARN_UNINITIALIZED_AUTOS = YES_AGGRESSIVE;
				GCC_WARN_UNUSED_FUNCTION = YES;
				GCC_WARN_UNUSED_VARIABLE = YES;
				IPHONEOS_DEPLOYMENT_TARGET = 9.0;
				MTL_ENABLE_DEBUG_INFO = NO;
				SDKROOT = iphoneos;
				VALIDATE_PRODUCT = YES;
			};
			name = Release;
		};
		502A8CC21BB80EAC0064E0DA /* Debug */ = {
			isa = XCBuildConfiguration;
			buildSettings = {
				ASSETCATALOG_COMPILER_APPICON_NAME = AppIcon;
				INFOPLIST_FILE = Blagaprint/Info.plist;
				LD_RUNPATH_SEARCH_PATHS = "$(inherited) @executable_path/Frameworks";
				PRODUCT_BUNDLE_IDENTIFIER = com.IvanMagda.Blagaprint;
				PRODUCT_NAME = "$(TARGET_NAME)";
			};
			name = Debug;
		};
		502A8CC31BB80EAC0064E0DA /* Release */ = {
			isa = XCBuildConfiguration;
			buildSettings = {
				ASSETCATALOG_COMPILER_APPICON_NAME = AppIcon;
				INFOPLIST_FILE = Blagaprint/Info.plist;
				LD_RUNPATH_SEARCH_PATHS = "$(inherited) @executable_path/Frameworks";
				PRODUCT_BUNDLE_IDENTIFIER = com.IvanMagda.Blagaprint;
				PRODUCT_NAME = "$(TARGET_NAME)";
			};
			name = Release;
		};
/* End XCBuildConfiguration section */

/* Begin XCConfigurationList section */
		502A8CAA1BB80EAC0064E0DA /* Build configuration list for PBXProject "Blagaprint" */ = {
			isa = XCConfigurationList;
			buildConfigurations = (
				502A8CBF1BB80EAC0064E0DA /* Debug */,
				502A8CC01BB80EAC0064E0DA /* Release */,
			);
			defaultConfigurationIsVisible = 0;
			defaultConfigurationName = Release;
		};
		502A8CC11BB80EAC0064E0DA /* Build configuration list for PBXNativeTarget "Blagaprint" */ = {
			isa = XCConfigurationList;
			buildConfigurations = (
				502A8CC21BB80EAC0064E0DA /* Debug */,
				502A8CC31BB80EAC0064E0DA /* Release */,
			);
			defaultConfigurationIsVisible = 0;
			defaultConfigurationName = Release;
		};
/* End XCConfigurationList section */
	};
	rootObject = 502A8CA71BB80EAC0064E0DA /* Project object */;
}
