// !$*UTF8*$!
{
	archiveVersion = 1;
	classes = {
	};
	objectVersion = 46;
	objects = {

/* Begin PBXBuildFile section */
		502A8CB31BB80EAC0064E0DA /* AppDelegate.swift in Sources */ = {isa = PBXBuildFile; fileRef = 502A8CB21BB80EAC0064E0DA /* AppDelegate.swift */; };
		502A8CB51BB80EAC0064E0DA /* MainCollectionViewController.swift in Sources */ = {isa = PBXBuildFile; fileRef = 502A8CB41BB80EAC0064E0DA /* MainCollectionViewController.swift */; };
		502A8CB81BB80EAC0064E0DA /* Main.storyboard in Resources */ = {isa = PBXBuildFile; fileRef = 502A8CB61BB80EAC0064E0DA /* Main.storyboard */; };
		502A8CBA1BB80EAC0064E0DA /* Assets.xcassets in Resources */ = {isa = PBXBuildFile; fileRef = 502A8CB91BB80EAC0064E0DA /* Assets.xcassets */; };
		502A8CBD1BB80EAC0064E0DA /* LaunchScreen.storyboard in Resources */ = {isa = PBXBuildFile; fileRef = 502A8CBB1BB80EAC0064E0DA /* LaunchScreen.storyboard */; };
		502A8CDF1BB822410064E0DA /* MenuWhite.png in Resources */ = {isa = PBXBuildFile; fileRef = 502A8CD91BB822410064E0DA /* MenuWhite.png */; settings = {ASSET_TAGS = (); }; };
		502A8CE01BB822410064E0DA /* MenuWhite@2x.png in Resources */ = {isa = PBXBuildFile; fileRef = 502A8CDA1BB822410064E0DA /* MenuWhite@2x.png */; settings = {ASSET_TAGS = (); }; };
		502A8CE11BB822410064E0DA /* MenuWhite@3x.png in Resources */ = {isa = PBXBuildFile; fileRef = 502A8CDB1BB822410064E0DA /* MenuWhite@3x.png */; settings = {ASSET_TAGS = (); }; };
		503CBEC11BC415C700052BE0 /* CategoryItem.swift in Sources */ = {isa = PBXBuildFile; fileRef = 503CBEC01BC415C700052BE0 /* CategoryItem.swift */; settings = {ASSET_TAGS = (); }; };
		50425CA41BC51349006AFE36 /* DetailCategoryCollectionViewController.swift in Sources */ = {isa = PBXBuildFile; fileRef = 50425CA31BC51349006AFE36 /* DetailCategoryCollectionViewController.swift */; settings = {ASSET_TAGS = (); }; };
		5071D34C1BBFE9D0005DDED3 /* NothingFoundCollectionViewCell.swift in Sources */ = {isa = PBXBuildFile; fileRef = 5071D34B1BBFE9D0005DDED3 /* NothingFoundCollectionViewCell.swift */; settings = {ASSET_TAGS = (); }; };
		508503041BBAADB600152131 /* AppAppearance.swift in Sources */ = {isa = PBXBuildFile; fileRef = 508503031BBAADB600152131 /* AppAppearance.swift */; settings = {ASSET_TAGS = (); }; };
		50BE47111BBA388400724119 /* MenuMalibu.png in Resources */ = {isa = PBXBuildFile; fileRef = 50BE470E1BBA388400724119 /* MenuMalibu.png */; settings = {ASSET_TAGS = (); }; };
		50BE47121BBA388400724119 /* MenuMalibu@2x.png in Resources */ = {isa = PBXBuildFile; fileRef = 50BE470F1BBA388400724119 /* MenuMalibu@2x.png */; settings = {ASSET_TAGS = (); }; };
		50BE47131BBA388400724119 /* MenuMalibu@3x.png in Resources */ = {isa = PBXBuildFile; fileRef = 50BE47101BBA388400724119 /* MenuMalibu@3x.png */; settings = {ASSET_TAGS = (); }; };
		50DD72391BBED313008A9B80 /* Category.swift in Sources */ = {isa = PBXBuildFile; fileRef = 50DD72381BBED313008A9B80 /* Category.swift */; settings = {ASSET_TAGS = (); }; };
		50DD723C1BBED66D008A9B80 /* cases.jpg in Resources */ = {isa = PBXBuildFile; fileRef = 50DD723B1BBED66D008A9B80 /* cases.jpg */; settings = {ASSET_TAGS = (); }; };
		50DD72441BBEDAAA008A9B80 /* cups.jpg in Resources */ = {isa = PBXBuildFile; fileRef = 50DD72431BBEDAAA008A9B80 /* cups.jpg */; settings = {ASSET_TAGS = (); }; };
		50DD72481BBEDDA5008A9B80 /* plates.jpg in Resources */ = {isa = PBXBuildFile; fileRef = 50DD72451BBEDDA5008A9B80 /* plates.jpg */; settings = {ASSET_TAGS = (); }; };
		50DD724E1BBEE085008A9B80 /* frames.jpg in Resources */ = {isa = PBXBuildFile; fileRef = 50DD724B1BBEE085008A9B80 /* frames.jpg */; settings = {ASSET_TAGS = (); }; };
		50DD72541BBEE2D6008A9B80 /* crystals.jpg in Resources */ = {isa = PBXBuildFile; fileRef = 50DD72521BBEE2D6008A9B80 /* crystals.jpg */; settings = {ASSET_TAGS = (); }; };
		50DD72561BBEE46B008A9B80 /* key_rings_by_3D_printer.jpg in Resources */ = {isa = PBXBuildFile; fileRef = 50DD72551BBEE46B008A9B80 /* key_rings_by_3D_printer.jpg */; settings = {ASSET_TAGS = (); }; };
		50DD72581BBEE555008A9B80 /* key_ring_with_photo.jpg in Resources */ = {isa = PBXBuildFile; fileRef = 50DD72571BBEE555008A9B80 /* key_ring_with_photo.jpg */; settings = {ASSET_TAGS = (); }; };
		50DD725F1BBEE774008A9B80 /* clothes.jpg in Resources */ = {isa = PBXBuildFile; fileRef = 50DD725B1BBEE774008A9B80 /* clothes.jpg */; settings = {ASSET_TAGS = (); }; };
		50DD72681BBEEA44008A9B80 /* 3D_printing.jpg in Resources */ = {isa = PBXBuildFile; fileRef = 50DD72671BBEEA44008A9B80 /* 3D_printing.jpg */; settings = {ASSET_TAGS = (); }; };
		50DD726E1BBEEB69008A9B80 /* wood_cases.jpg in Resources */ = {isa = PBXBuildFile; fileRef = 50DD726B1BBEEB69008A9B80 /* wood_cases.jpg */; settings = {ASSET_TAGS = (); }; };
		50F8F3B71BC785C5002CE3FD /* case_with_name.jpg in Resources */ = {isa = PBXBuildFile; fileRef = 50F8F3B61BC785C5002CE3FD /* case_with_name.jpg */; settings = {ASSET_TAGS = (); }; };
		50F8F3B91BC7873C002CE3FD /* case_with_photo.jpg in Resources */ = {isa = PBXBuildFile; fileRef = 50F8F3B81BC7873C002CE3FD /* case_with_photo.jpg */; settings = {ASSET_TAGS = (); }; };
		50F8F3BB1BC787B5002CE3FD /* case_individual.jpg in Resources */ = {isa = PBXBuildFile; fileRef = 50F8F3BA1BC787B5002CE3FD /* case_individual.jpg */; settings = {ASSET_TAGS = (); }; };
		50F8F3BD1BC788FD002CE3FD /* cup_chameleon.jpg in Resources */ = {isa = PBXBuildFile; fileRef = 50F8F3BC1BC788FD002CE3FD /* cup_chameleon.jpg */; settings = {ASSET_TAGS = (); }; };
		50F8F3BF1BC789AE002CE3FD /* cup_ceramic.jpg in Resources */ = {isa = PBXBuildFile; fileRef = 50F8F3BE1BC789AE002CE3FD /* cup_ceramic.jpg */; settings = {ASSET_TAGS = (); }; };
		50F8F3C11BC78A1A002CE3FD /* cup_love_is.jpg in Resources */ = {isa = PBXBuildFile; fileRef = 50F8F3C01BC78A1A002CE3FD /* cup_love_is.jpg */; settings = {ASSET_TAGS = (); }; };
		50F8F3C31BC78B83002CE3FD /* key_ring_with_photo_glass.jpg in Resources */ = {isa = PBXBuildFile; fileRef = 50F8F3C21BC78B83002CE3FD /* key_ring_with_photo_glass.jpg */; settings = {ASSET_TAGS = (); }; };
		50F8F3C51BC78CB7002CE3FD /* key_ring_with_photo_plastic.jpg in Resources */ = {isa = PBXBuildFile; fileRef = 50F8F3C41BC78CB7002CE3FD /* key_ring_with_photo_plastic.jpg */; settings = {ASSET_TAGS = (); }; };
		50F8F3C71BC78D3A002CE3FD /* key_ring_with_number.jpg in Resources */ = {isa = PBXBuildFile; fileRef = 50F8F3C61BC78D3A002CE3FD /* key_ring_with_number.jpg */; settings = {ASSET_TAGS = (); }; };
		50F8F3C91BC78EA7002CE3FD /* clothes_man.jpg in Resources */ = {isa = PBXBuildFile; fileRef = 50F8F3C81BC78EA7002CE3FD /* clothes_man.jpg */; settings = {ASSET_TAGS = (); }; };
		50F8F3CB1BC78F20002CE3FD /* clothes_wimen.jpg in Resources */ = {isa = PBXBuildFile; fileRef = 50F8F3CA1BC78F20002CE3FD /* clothes_wimen.jpg */; settings = {ASSET_TAGS = (); }; };
		50F8F3CD1BC78FAA002CE3FD /* clothes_kids.jpg in Resources */ = {isa = PBXBuildFile; fileRef = 50F8F3CC1BC78FAA002CE3FD /* clothes_kids.jpg */; settings = {ASSET_TAGS = (); }; };
		50F8F3CF1BC7902F002CE3FD /* copy_services_photo.jpg in Resources */ = {isa = PBXBuildFile; fileRef = 50F8F3CE1BC7902F002CE3FD /* copy_services_photo.jpg */; settings = {ASSET_TAGS = (); }; };
		50F8F3D11BC79070002CE3FD /* copy_services_baner.jpg in Resources */ = {isa = PBXBuildFile; fileRef = 50F8F3D01BC79070002CE3FD /* copy_services_baner.jpg */; settings = {ASSET_TAGS = (); }; };
		50F8F3D31BC790D7002CE3FD /* copy_services_business_card.jpg in Resources */ = {isa = PBXBuildFile; fileRef = 50F8F3D21BC790D7002CE3FD /* copy_services_business_card.jpg */; settings = {ASSET_TAGS = (); }; };
		50F8F3D51BC7914A002CE3FD /* 3d_printing_individual.jpg in Resources */ = {isa = PBXBuildFile; fileRef = 50F8F3D41BC7914A002CE3FD /* 3d_printing_individual.jpg */; settings = {ASSET_TAGS = (); }; };
		50F8F3D71BC791BE002CE3FD /* 3d_printing_plastic.jpg in Resources */ = {isa = PBXBuildFile; fileRef = 50F8F3D61BC791BE002CE3FD /* 3d_printing_plastic.jpg */; settings = {ASSET_TAGS = (); }; };
		50F8F3D91BC7921A002CE3FD /* 3d_printing_strong_plastic.jpg in Resources */ = {isa = PBXBuildFile; fileRef = 50F8F3D81BC7921A002CE3FD /* 3d_printing_strong_plastic.jpg */; settings = {ASSET_TAGS = (); }; };
		50F8F41A1BC80857002CE3FD /* CategoryItemCollectionViewCell.swift in Sources */ = {isa = PBXBuildFile; fileRef = 50F8F4191BC80857002CE3FD /* CategoryItemCollectionViewCell.swift */; settings = {ASSET_TAGS = (); }; };
		50FD7F501BB8FFF600ABEC38 /* CategoryCollectionViewCell.swift in Sources */ = {isa = PBXBuildFile; fileRef = 50FD7F4F1BB8FFF600ABEC38 /* CategoryCollectionViewCell.swift */; settings = {ASSET_TAGS = (); }; };
		50FD7F5D1BB90A8900ABEC38 /* copy_services.jpg in Resources */ = {isa = PBXBuildFile; fileRef = 50FD7F5C1BB90A8900ABEC38 /* copy_services.jpg */; settings = {ASSET_TAGS = (); }; };
/* End PBXBuildFile section */

/* Begin PBXFileReference section */
		502A8CAF1BB80EAC0064E0DA /* Blagaprint.app */ = {isa = PBXFileReference; explicitFileType = wrapper.application; includeInIndex = 0; path = Blagaprint.app; sourceTree = BUILT_PRODUCTS_DIR; };
		502A8CB21BB80EAC0064E0DA /* AppDelegate.swift */ = {isa = PBXFileReference; lastKnownFileType = sourcecode.swift; path = AppDelegate.swift; sourceTree = "<group>"; };
		502A8CB41BB80EAC0064E0DA /* MainCollectionViewController.swift */ = {isa = PBXFileReference; lastKnownFileType = sourcecode.swift; path = MainCollectionViewController.swift; sourceTree = "<group>"; };
		502A8CB71BB80EAC0064E0DA /* Base */ = {isa = PBXFileReference; lastKnownFileType = file.storyboard; name = Base; path = Base.lproj/Main.storyboard; sourceTree = "<group>"; };
		502A8CB91BB80EAC0064E0DA /* Assets.xcassets */ = {isa = PBXFileReference; lastKnownFileType = folder.assetcatalog; path = Assets.xcassets; sourceTree = "<group>"; };
		502A8CBC1BB80EAC0064E0DA /* Base */ = {isa = PBXFileReference; lastKnownFileType = file.storyboard; name = Base; path = Base.lproj/LaunchScreen.storyboard; sourceTree = "<group>"; };
		502A8CBE1BB80EAC0064E0DA /* Info.plist */ = {isa = PBXFileReference; lastKnownFileType = text.plist.xml; path = Info.plist; sourceTree = "<group>"; };
		502A8CD91BB822410064E0DA /* MenuWhite.png */ = {isa = PBXFileReference; lastKnownFileType = image.png; path = MenuWhite.png; sourceTree = "<group>"; };
		502A8CDA1BB822410064E0DA /* MenuWhite@2x.png */ = {isa = PBXFileReference; lastKnownFileType = image.png; path = "MenuWhite@2x.png"; sourceTree = "<group>"; };
		502A8CDB1BB822410064E0DA /* MenuWhite@3x.png */ = {isa = PBXFileReference; lastKnownFileType = image.png; path = "MenuWhite@3x.png"; sourceTree = "<group>"; };
		503CBEC01BC415C700052BE0 /* CategoryItem.swift */ = {isa = PBXFileReference; fileEncoding = 4; lastKnownFileType = sourcecode.swift; path = CategoryItem.swift; sourceTree = "<group>"; };
		50425CA31BC51349006AFE36 /* DetailCategoryCollectionViewController.swift */ = {isa = PBXFileReference; fileEncoding = 4; lastKnownFileType = sourcecode.swift; path = DetailCategoryCollectionViewController.swift; sourceTree = "<group>"; };
		5071D34B1BBFE9D0005DDED3 /* NothingFoundCollectionViewCell.swift */ = {isa = PBXFileReference; fileEncoding = 4; lastKnownFileType = sourcecode.swift; path = NothingFoundCollectionViewCell.swift; sourceTree = "<group>"; };
		508503031BBAADB600152131 /* AppAppearance.swift */ = {isa = PBXFileReference; fileEncoding = 4; lastKnownFileType = sourcecode.swift; path = AppAppearance.swift; sourceTree = "<group>"; };
		50BE470E1BBA388400724119 /* MenuMalibu.png */ = {isa = PBXFileReference; lastKnownFileType = image.png; path = MenuMalibu.png; sourceTree = "<group>"; };
		50BE470F1BBA388400724119 /* MenuMalibu@2x.png */ = {isa = PBXFileReference; lastKnownFileType = image.png; path = "MenuMalibu@2x.png"; sourceTree = "<group>"; };
		50BE47101BBA388400724119 /* MenuMalibu@3x.png */ = {isa = PBXFileReference; lastKnownFileType = image.png; path = "MenuMalibu@3x.png"; sourceTree = "<group>"; };
		50DD72381BBED313008A9B80 /* Category.swift */ = {isa = PBXFileReference; fileEncoding = 4; lastKnownFileType = sourcecode.swift; path = Category.swift; sourceTree = "<group>"; };
		50DD723B1BBED66D008A9B80 /* cases.jpg */ = {isa = PBXFileReference; lastKnownFileType = image.jpeg; path = cases.jpg; sourceTree = "<group>"; };
		50DD72431BBEDAAA008A9B80 /* cups.jpg */ = {isa = PBXFileReference; lastKnownFileType = image.jpeg; path = cups.jpg; sourceTree = "<group>"; };
		50DD72451BBEDDA5008A9B80 /* plates.jpg */ = {isa = PBXFileReference; lastKnownFileType = image.jpeg; path = plates.jpg; sourceTree = "<group>"; };
		50DD724B1BBEE085008A9B80 /* frames.jpg */ = {isa = PBXFileReference; lastKnownFileType = image.jpeg; path = frames.jpg; sourceTree = "<group>"; };
		50DD72521BBEE2D6008A9B80 /* crystals.jpg */ = {isa = PBXFileReference; lastKnownFileType = image.jpeg; path = crystals.jpg; sourceTree = "<group>"; };
		50DD72551BBEE46B008A9B80 /* key_rings_by_3D_printer.jpg */ = {isa = PBXFileReference; lastKnownFileType = image.jpeg; path = key_rings_by_3D_printer.jpg; sourceTree = "<group>"; };
		50DD72571BBEE555008A9B80 /* key_ring_with_photo.jpg */ = {isa = PBXFileReference; lastKnownFileType = image.jpeg; path = key_ring_with_photo.jpg; sourceTree = "<group>"; };
		50DD725B1BBEE774008A9B80 /* clothes.jpg */ = {isa = PBXFileReference; lastKnownFileType = image.jpeg; path = clothes.jpg; sourceTree = "<group>"; };
		50DD72671BBEEA44008A9B80 /* 3D_printing.jpg */ = {isa = PBXFileReference; lastKnownFileType = image.jpeg; path = 3D_printing.jpg; sourceTree = "<group>"; };
		50DD726B1BBEEB69008A9B80 /* wood_cases.jpg */ = {isa = PBXFileReference; lastKnownFileType = image.jpeg; path = wood_cases.jpg; sourceTree = "<group>"; };
		50F8F3B61BC785C5002CE3FD /* case_with_name.jpg */ = {isa = PBXFileReference; lastKnownFileType = image.jpeg; path = case_with_name.jpg; sourceTree = "<group>"; };
		50F8F3B81BC7873C002CE3FD /* case_with_photo.jpg */ = {isa = PBXFileReference; lastKnownFileType = image.jpeg; path = case_with_photo.jpg; sourceTree = "<group>"; };
		50F8F3BA1BC787B5002CE3FD /* case_individual.jpg */ = {isa = PBXFileReference; lastKnownFileType = image.jpeg; path = case_individual.jpg; sourceTree = "<group>"; };
		50F8F3BC1BC788FD002CE3FD /* cup_chameleon.jpg */ = {isa = PBXFileReference; lastKnownFileType = image.jpeg; path = cup_chameleon.jpg; sourceTree = "<group>"; };
		50F8F3BE1BC789AE002CE3FD /* cup_ceramic.jpg */ = {isa = PBXFileReference; lastKnownFileType = image.jpeg; path = cup_ceramic.jpg; sourceTree = "<group>"; };
		50F8F3C01BC78A1A002CE3FD /* cup_love_is.jpg */ = {isa = PBXFileReference; lastKnownFileType = image.jpeg; path = cup_love_is.jpg; sourceTree = "<group>"; };
		50F8F3C21BC78B83002CE3FD /* key_ring_with_photo_glass.jpg */ = {isa = PBXFileReference; lastKnownFileType = image.jpeg; path = key_ring_with_photo_glass.jpg; sourceTree = "<group>"; };
		50F8F3C41BC78CB7002CE3FD /* key_ring_with_photo_plastic.jpg */ = {isa = PBXFileReference; lastKnownFileType = image.jpeg; path = key_ring_with_photo_plastic.jpg; sourceTree = "<group>"; };
		50F8F3C61BC78D3A002CE3FD /* key_ring_with_number.jpg */ = {isa = PBXFileReference; lastKnownFileType = image.jpeg; path = key_ring_with_number.jpg; sourceTree = "<group>"; };
		50F8F3C81BC78EA7002CE3FD /* clothes_man.jpg */ = {isa = PBXFileReference; lastKnownFileType = image.jpeg; path = clothes_man.jpg; sourceTree = "<group>"; };
		50F8F3CA1BC78F20002CE3FD /* clothes_wimen.jpg */ = {isa = PBXFileReference; lastKnownFileType = image.jpeg; path = clothes_wimen.jpg; sourceTree = "<group>"; };
		50F8F3CC1BC78FAA002CE3FD /* clothes_kids.jpg */ = {isa = PBXFileReference; lastKnownFileType = image.jpeg; path = clothes_kids.jpg; sourceTree = "<group>"; };
		50F8F3CE1BC7902F002CE3FD /* copy_services_photo.jpg */ = {isa = PBXFileReference; lastKnownFileType = image.jpeg; path = copy_services_photo.jpg; sourceTree = "<group>"; };
		50F8F3D01BC79070002CE3FD /* copy_services_baner.jpg */ = {isa = PBXFileReference; lastKnownFileType = image.jpeg; path = copy_services_baner.jpg; sourceTree = "<group>"; };
		50F8F3D21BC790D7002CE3FD /* copy_services_business_card.jpg */ = {isa = PBXFileReference; lastKnownFileType = image.jpeg; path = copy_services_business_card.jpg; sourceTree = "<group>"; };
		50F8F3D41BC7914A002CE3FD /* 3d_printing_individual.jpg */ = {isa = PBXFileReference; lastKnownFileType = image.jpeg; path = 3d_printing_individual.jpg; sourceTree = "<group>"; };
		50F8F3D61BC791BE002CE3FD /* 3d_printing_plastic.jpg */ = {isa = PBXFileReference; lastKnownFileType = image.jpeg; path = 3d_printing_plastic.jpg; sourceTree = "<group>"; };
		50F8F3D81BC7921A002CE3FD /* 3d_printing_strong_plastic.jpg */ = {isa = PBXFileReference; lastKnownFileType = image.jpeg; path = 3d_printing_strong_plastic.jpg; sourceTree = "<group>"; };
		50F8F4191BC80857002CE3FD /* CategoryItemCollectionViewCell.swift */ = {isa = PBXFileReference; fileEncoding = 4; lastKnownFileType = sourcecode.swift; path = CategoryItemCollectionViewCell.swift; sourceTree = "<group>"; };
		50FD7F4F1BB8FFF600ABEC38 /* CategoryCollectionViewCell.swift */ = {isa = PBXFileReference; fileEncoding = 4; lastKnownFileType = sourcecode.swift; path = CategoryCollectionViewCell.swift; sourceTree = "<group>"; };
		50FD7F5C1BB90A8900ABEC38 /* copy_services.jpg */ = {isa = PBXFileReference; lastKnownFileType = image.jpeg; path = copy_services.jpg; sourceTree = "<group>"; };
/* End PBXFileReference section */

/* Begin PBXFrameworksBuildPhase section */
		502A8CAC1BB80EAC0064E0DA /* Frameworks */ = {
			isa = PBXFrameworksBuildPhase;
			buildActionMask = 2147483647;
			files = (
			);
			runOnlyForDeploymentPostprocessing = 0;
		};
/* End PBXFrameworksBuildPhase section */

/* Begin PBXGroup section */
		502A8CA61BB80EAC0064E0DA = {
			isa = PBXGroup;
			children = (
				502A8CB11BB80EAC0064E0DA /* Blagaprint */,
				502A8CB01BB80EAC0064E0DA /* Products */,
			);
			sourceTree = "<group>";
		};
		502A8CB01BB80EAC0064E0DA /* Products */ = {
			isa = PBXGroup;
			children = (
				502A8CAF1BB80EAC0064E0DA /* Blagaprint.app */,
			);
			name = Products;
			sourceTree = "<group>";
		};
		502A8CB11BB80EAC0064E0DA /* Blagaprint */ = {
			isa = PBXGroup;
			children = (
				50FD7F521BB903C200ABEC38 /* AppDelegate */,
				50DD723A1BBED31B008A9B80 /* DataModel */,
				50FD7F531BB903CC00ABEC38 /* Controllers */,
				502A8CB61BB80EAC0064E0DA /* Main.storyboard */,
				50FD7F511BB903B700ABEC38 /* View */,
				508503051BBAADCF00152131 /* Utility */,
				502A8CB91BB80EAC0064E0DA /* Assets.xcassets */,
				502A8CBB1BB80EAC0064E0DA /* LaunchScreen.storyboard */,
				502A8CBE1BB80EAC0064E0DA /* Info.plist */,
				502A8CD41BB8120A0064E0DA /* Resources */,
				502A8CCD1BB811EE0064E0DA /* ThirdParty */,
			);
			path = Blagaprint;
			sourceTree = "<group>";
		};
		502A8CCD1BB811EE0064E0DA /* ThirdParty */ = {
			isa = PBXGroup;
			children = (
			);
			name = ThirdParty;
			sourceTree = "<group>";
		};
		502A8CD41BB8120A0064E0DA /* Resources */ = {
			isa = PBXGroup;
			children = (
				50F8F3DA1BC7922B002CE3FD /* CategoryItemImages */,
				50FA4B7F1BB9385500BC8958 /* CategoriesImages */,
				502A8CD51BB8126E0064E0DA /* NavigationBar */,
			);
			name = Resources;
			sourceTree = "<group>";
		};
		502A8CD51BB8126E0064E0DA /* NavigationBar */ = {
			isa = PBXGroup;
			children = (
				502A8CD91BB822410064E0DA /* MenuWhite.png */,
				502A8CDA1BB822410064E0DA /* MenuWhite@2x.png */,
				502A8CDB1BB822410064E0DA /* MenuWhite@3x.png */,
				50BE470E1BBA388400724119 /* MenuMalibu.png */,
				50BE470F1BBA388400724119 /* MenuMalibu@2x.png */,
				50BE47101BBA388400724119 /* MenuMalibu@3x.png */,
			);
			name = NavigationBar;
			sourceTree = "<group>";
		};
		508503051BBAADCF00152131 /* Utility */ = {
			isa = PBXGroup;
			children = (
				508503031BBAADB600152131 /* AppAppearance.swift */,
			);
			name = Utility;
			sourceTree = "<group>";
		};
		50DD723A1BBED31B008A9B80 /* DataModel */ = {
			isa = PBXGroup;
			children = (
				50DD72381BBED313008A9B80 /* Category.swift */,
				503CBEC01BC415C700052BE0 /* CategoryItem.swift */,
			);
			name = DataModel;
			sourceTree = "<group>";
		};
		50F8F3DA1BC7922B002CE3FD /* CategoryItemImages */ = {
			isa = PBXGroup;
			children = (
				50F8F3B61BC785C5002CE3FD /* case_with_name.jpg */,
				50F8F3B81BC7873C002CE3FD /* case_with_photo.jpg */,
				50F8F3BA1BC787B5002CE3FD /* case_individual.jpg */,
				50F8F3BC1BC788FD002CE3FD /* cup_chameleon.jpg */,
				50F8F3BE1BC789AE002CE3FD /* cup_ceramic.jpg */,
				50F8F3C01BC78A1A002CE3FD /* cup_love_is.jpg */,
				50F8F3C21BC78B83002CE3FD /* key_ring_with_photo_glass.jpg */,
				50F8F3C41BC78CB7002CE3FD /* key_ring_with_photo_plastic.jpg */,
				50F8F3C61BC78D3A002CE3FD /* key_ring_with_number.jpg */,
				50F8F3C81BC78EA7002CE3FD /* clothes_man.jpg */,
				50F8F3CA1BC78F20002CE3FD /* clothes_wimen.jpg */,
				50F8F3CC1BC78FAA002CE3FD /* clothes_kids.jpg */,
				50F8F3CE1BC7902F002CE3FD /* copy_services_photo.jpg */,
				50F8F3D01BC79070002CE3FD /* copy_services_baner.jpg */,
				50F8F3D21BC790D7002CE3FD /* copy_services_business_card.jpg */,
				50F8F3D41BC7914A002CE3FD /* 3d_printing_individual.jpg */,
				50F8F3D61BC791BE002CE3FD /* 3d_printing_plastic.jpg */,
				50F8F3D81BC7921A002CE3FD /* 3d_printing_strong_plastic.jpg */,
			);
			name = CategoryItemImages;
			sourceTree = "<group>";
		};
		50FA4B7F1BB9385500BC8958 /* CategoriesImages */ = {
			isa = PBXGroup;
			children = (
				50DD723B1BBED66D008A9B80 /* cases.jpg */,
				50DD72431BBEDAAA008A9B80 /* cups.jpg */,
				50DD72451BBEDDA5008A9B80 /* plates.jpg */,
				50DD724B1BBEE085008A9B80 /* frames.jpg */,
				50DD72521BBEE2D6008A9B80 /* crystals.jpg */,
				50DD725B1BBEE774008A9B80 /* clothes.jpg */,
				50DD72551BBEE46B008A9B80 /* key_rings_by_3D_printer.jpg */,
				50DD72571BBEE555008A9B80 /* key_ring_with_photo.jpg */,
				50FD7F5C1BB90A8900ABEC38 /* copy_services.jpg */,
				50DD72671BBEEA44008A9B80 /* 3D_printing.jpg */,
				50DD726B1BBEEB69008A9B80 /* wood_cases.jpg */,
			);
			name = CategoriesImages;
			sourceTree = "<group>";
		};
		50FD7F511BB903B700ABEC38 /* View */ = {
			isa = PBXGroup;
			children = (
				50FD7F4F1BB8FFF600ABEC38 /* CategoryCollectionViewCell.swift */,
				5071D34B1BBFE9D0005DDED3 /* NothingFoundCollectionViewCell.swift */,
				50F8F4191BC80857002CE3FD /* CategoryItemCollectionViewCell.swift */,
			);
			name = View;
			sourceTree = "<group>";
		};
		50FD7F521BB903C200ABEC38 /* AppDelegate */ = {
			isa = PBXGroup;
			children = (
				502A8CB21BB80EAC0064E0DA /* AppDelegate.swift */,
			);
			name = AppDelegate;
			sourceTree = "<group>";
		};
		50FD7F531BB903CC00ABEC38 /* Controllers */ = {
			isa = PBXGroup;
			children = (
				502A8CB41BB80EAC0064E0DA /* MainCollectionViewController.swift */,
				50425CA31BC51349006AFE36 /* DetailCategoryCollectionViewController.swift */,
			);
			name = Controllers;
			sourceTree = "<group>";
		};
/* End PBXGroup section */

/* Begin PBXNativeTarget section */
		502A8CAE1BB80EAC0064E0DA /* Blagaprint */ = {
			isa = PBXNativeTarget;
			buildConfigurationList = 502A8CC11BB80EAC0064E0DA /* Build configuration list for PBXNativeTarget "Blagaprint" */;
			buildPhases = (
				502A8CAB1BB80EAC0064E0DA /* Sources */,
				502A8CAC1BB80EAC0064E0DA /* Frameworks */,
				502A8CAD1BB80EAC0064E0DA /* Resources */,
			);
			buildRules = (
			);
			dependencies = (
			);
			name = Blagaprint;
			productName = Blagaprint;
			productReference = 502A8CAF1BB80EAC0064E0DA /* Blagaprint.app */;
			productType = "com.apple.product-type.application";
		};
/* End PBXNativeTarget section */

/* Begin PBXProject section */
		502A8CA71BB80EAC0064E0DA /* Project object */ = {
			isa = PBXProject;
			attributes = {
				LastUpgradeCheck = 0700;
				ORGANIZATIONNAME = Blagaprint;
				TargetAttributes = {
					502A8CAE1BB80EAC0064E0DA = {
						CreatedOnToolsVersion = 7.0;
					};
				};
			};
			buildConfigurationList = 502A8CAA1BB80EAC0064E0DA /* Build configuration list for PBXProject "Blagaprint" */;
			compatibilityVersion = "Xcode 3.2";
			developmentRegion = English;
			hasScannedForEncodings = 0;
			knownRegions = (
				en,
				Base,
			);
			mainGroup = 502A8CA61BB80EAC0064E0DA;
			productRefGroup = 502A8CB01BB80EAC0064E0DA /* Products */;
			projectDirPath = "";
			projectRoot = "";
			targets = (
				502A8CAE1BB80EAC0064E0DA /* Blagaprint */,
			);
		};
/* End PBXProject section */

/* Begin PBXResourcesBuildPhase section */
		502A8CAD1BB80EAC0064E0DA /* Resources */ = {
			isa = PBXResourcesBuildPhase;
			buildActionMask = 2147483647;
			files = (
				50F8F3B91BC7873C002CE3FD /* case_with_photo.jpg in Resources */,
				50DD72481BBEDDA5008A9B80 /* plates.jpg in Resources */,
				502A8CBD1BB80EAC0064E0DA /* LaunchScreen.storyboard in Resources */,
				50F8F3B71BC785C5002CE3FD /* case_with_name.jpg in Resources */,
				502A8CBA1BB80EAC0064E0DA /* Assets.xcassets in Resources */,
				50F8F3C71BC78D3A002CE3FD /* key_ring_with_number.jpg in Resources */,
				502A8CE01BB822410064E0DA /* MenuWhite@2x.png in Resources */,
				50BE47131BBA388400724119 /* MenuMalibu@3x.png in Resources */,
				50F8F3CB1BC78F20002CE3FD /* clothes_wimen.jpg in Resources */,
				50F8F3D11BC79070002CE3FD /* copy_services_baner.jpg in Resources */,
				50F8F3D51BC7914A002CE3FD /* 3d_printing_individual.jpg in Resources */,
				50F8F3D31BC790D7002CE3FD /* copy_services_business_card.jpg in Resources */,
				50F8F3BF1BC789AE002CE3FD /* cup_ceramic.jpg in Resources */,
				50F8F3D91BC7921A002CE3FD /* 3d_printing_strong_plastic.jpg in Resources */,
				50F8F3D71BC791BE002CE3FD /* 3d_printing_plastic.jpg in Resources */,
				50DD72541BBEE2D6008A9B80 /* crystals.jpg in Resources */,
				50F8F3CF1BC7902F002CE3FD /* copy_services_photo.jpg in Resources */,
				50DD725F1BBEE774008A9B80 /* clothes.jpg in Resources */,
				50F8F3C91BC78EA7002CE3FD /* clothes_man.jpg in Resources */,
				50F8F3C51BC78CB7002CE3FD /* key_ring_with_photo_plastic.jpg in Resources */,
				50DD726E1BBEEB69008A9B80 /* wood_cases.jpg in Resources */,
				502A8CE11BB822410064E0DA /* MenuWhite@3x.png in Resources */,
				50F8F3BD1BC788FD002CE3FD /* cup_chameleon.jpg in Resources */,
				50DD72441BBEDAAA008A9B80 /* cups.jpg in Resources */,
				50F8F3C11BC78A1A002CE3FD /* cup_love_is.jpg in Resources */,
				50DD724E1BBEE085008A9B80 /* frames.jpg in Resources */,
				50DD72561BBEE46B008A9B80 /* key_rings_by_3D_printer.jpg in Resources */,
				50FD7F5D1BB90A8900ABEC38 /* copy_services.jpg in Resources */,
				50F8F3C31BC78B83002CE3FD /* key_ring_with_photo_glass.jpg in Resources */,
				502A8CDF1BB822410064E0DA /* MenuWhite.png in Resources */,
				50F8F3BB1BC787B5002CE3FD /* case_individual.jpg in Resources */,
				50BE47111BBA388400724119 /* MenuMalibu.png in Resources */,
				50DD72681BBEEA44008A9B80 /* 3D_printing.jpg in Resources */,
				50F8F3CD1BC78FAA002CE3FD /* clothes_kids.jpg in Resources */,
				50BE47121BBA388400724119 /* MenuMalibu@2x.png in Resources */,
				50DD72581BBEE555008A9B80 /* key_ring_with_photo.jpg in Resources */,
				502A8CB81BB80EAC0064E0DA /* Main.storyboard in Resources */,
				50DD723C1BBED66D008A9B80 /* cases.jpg in Resources */,
			);
			runOnlyForDeploymentPostprocessing = 0;
		};
/* End PBXResourcesBuildPhase section */

/* Begin PBXSourcesBuildPhase section */
		502A8CAB1BB80EAC0064E0DA /* Sources */ = {
			isa = PBXSourcesBuildPhase;
			buildActionMask = 2147483647;
			files = (
				502A8CB51BB80EAC0064E0DA /* MainCollectionViewController.swift in Sources */,
				50DD72391BBED313008A9B80 /* Category.swift in Sources */,
				50F8F41A1BC80857002CE3FD /* CategoryItemCollectionViewCell.swift in Sources */,
				50FD7F501BB8FFF600ABEC38 /* CategoryCollectionViewCell.swift in Sources */,
				50425CA41BC51349006AFE36 /* DetailCategoryCollectionViewController.swift in Sources */,
				503CBEC11BC415C700052BE0 /* CategoryItem.swift in Sources */,
				5071D34C1BBFE9D0005DDED3 /* NothingFoundCollectionViewCell.swift in Sources */,
				502A8CB31BB80EAC0064E0DA /* AppDelegate.swift in Sources */,
				508503041BBAADB600152131 /* AppAppearance.swift in Sources */,
			);
			runOnlyForDeploymentPostprocessing = 0;
		};
/* End PBXSourcesBuildPhase section */

/* Begin PBXVariantGroup section */
		502A8CB61BB80EAC0064E0DA /* Main.storyboard */ = {
			isa = PBXVariantGroup;
			children = (
				502A8CB71BB80EAC0064E0DA /* Base */,
			);
			name = Main.storyboard;
			sourceTree = "<group>";
		};
		502A8CBB1BB80EAC0064E0DA /* LaunchScreen.storyboard */ = {
			isa = PBXVariantGroup;
			children = (
				502A8CBC1BB80EAC0064E0DA /* Base */,
			);
			name = LaunchScreen.storyboard;
			sourceTree = "<group>";
		};
/* End PBXVariantGroup section */

/* Begin XCBuildConfiguration section */
		502A8CBF1BB80EAC0064E0DA /* Debug */ = {
			isa = XCBuildConfiguration;
			buildSettings = {
				ALWAYS_SEARCH_USER_PATHS = NO;
				CLANG_CXX_LANGUAGE_STANDARD = "gnu++0x";
				CLANG_CXX_LIBRARY = "libc++";
				CLANG_ENABLE_MODULES = YES;
				CLANG_ENABLE_OBJC_ARC = YES;
				CLANG_WARN_BOOL_CONVERSION = YES;
				CLANG_WARN_CONSTANT_CONVERSION = YES;
				CLANG_WARN_DIRECT_OBJC_ISA_USAGE = YES_ERROR;
				CLANG_WARN_EMPTY_BODY = YES;
				CLANG_WARN_ENUM_CONVERSION = YES;
				CLANG_WARN_INT_CONVERSION = YES;
				CLANG_WARN_OBJC_ROOT_CLASS = YES_ERROR;
				CLANG_WARN_UNREACHABLE_CODE = YES;
				CLANG_WARN__DUPLICATE_METHOD_MATCH = YES;
				"CODE_SIGN_IDENTITY[sdk=iphoneos*]" = "iPhone Developer";
				COPY_PHASE_STRIP = NO;
				DEBUG_INFORMATION_FORMAT = dwarf;
				ENABLE_STRICT_OBJC_MSGSEND = YES;
				ENABLE_TESTABILITY = YES;
				GCC_C_LANGUAGE_STANDARD = gnu99;
				GCC_DYNAMIC_NO_PIC = NO;
				GCC_NO_COMMON_BLOCKS = YES;
				GCC_OPTIMIZATION_LEVEL = 0;
				GCC_PREPROCESSOR_DEFINITIONS = (
					"DEBUG=1",
					"$(inherited)",
				);
				GCC_WARN_64_TO_32_BIT_CONVERSION = YES;
				GCC_WARN_ABOUT_RETURN_TYPE = YES_ERROR;
				GCC_WARN_UNDECLARED_SELECTOR = YES;
				GCC_WARN_UNINITIALIZED_AUTOS = YES_AGGRESSIVE;
				GCC_WARN_UNUSED_FUNCTION = YES;
				GCC_WARN_UNUSED_VARIABLE = YES;
				IPHONEOS_DEPLOYMENT_TARGET = 9.0;
				MTL_ENABLE_DEBUG_INFO = YES;
				ONLY_ACTIVE_ARCH = YES;
				SDKROOT = iphoneos;
				SWIFT_OPTIMIZATION_LEVEL = "-Onone";
			};
			name = Debug;
		};
		502A8CC01BB80EAC0064E0DA /* Release */ = {
			isa = XCBuildConfiguration;
			buildSettings = {
				ALWAYS_SEARCH_USER_PATHS = NO;
				CLANG_CXX_LANGUAGE_STANDARD = "gnu++0x";
				CLANG_CXX_LIBRARY = "libc++";
				CLANG_ENABLE_MODULES = YES;
				CLANG_ENABLE_OBJC_ARC = YES;
				CLANG_WARN_BOOL_CONVERSION = YES;
				CLANG_WARN_CONSTANT_CONVERSION = YES;
				CLANG_WARN_DIRECT_OBJC_ISA_USAGE = YES_ERROR;
				CLANG_WARN_EMPTY_BODY = YES;
				CLANG_WARN_ENUM_CONVERSION = YES;
				CLANG_WARN_INT_CONVERSION = YES;
				CLANG_WARN_OBJC_ROOT_CLASS = YES_ERROR;
				CLANG_WARN_UNREACHABLE_CODE = YES;
				CLANG_WARN__DUPLICATE_METHOD_MATCH = YES;
				"CODE_SIGN_IDENTITY[sdk=iphoneos*]" = "iPhone Developer";
				COPY_PHASE_STRIP = NO;
				DEBUG_INFORMATION_FORMAT = "dwarf-with-dsym";
				ENABLE_NS_ASSERTIONS = NO;
				ENABLE_STRICT_OBJC_MSGSEND = YES;
				GCC_C_LANGUAGE_STANDARD = gnu99;
				GCC_NO_COMMON_BLOCKS = YES;
				GCC_WARN_64_TO_32_BIT_CONVERSION = YES;
				GCC_WARN_ABOUT_RETURN_TYPE = YES_ERROR;
				GCC_WARN_UNDECLARED_SELECTOR = YES;
				GCC_WARN_UNINITIALIZED_AUTOS = YES_AGGRESSIVE;
				GCC_WARN_UNUSED_FUNCTION = YES;
				GCC_WARN_UNUSED_VARIABLE = YES;
				IPHONEOS_DEPLOYMENT_TARGET = 9.0;
				MTL_ENABLE_DEBUG_INFO = NO;
				SDKROOT = iphoneos;
				VALIDATE_PRODUCT = YES;
			};
			name = Release;
		};
		502A8CC21BB80EAC0064E0DA /* Debug */ = {
			isa = XCBuildConfiguration;
			buildSettings = {
				ASSETCATALOG_COMPILER_APPICON_NAME = AppIcon;
				INFOPLIST_FILE = Blagaprint/Info.plist;
				LD_RUNPATH_SEARCH_PATHS = "$(inherited) @executable_path/Frameworks";
				PRODUCT_BUNDLE_IDENTIFIER = com.IvanMagda.Blagaprint;
				PRODUCT_NAME = "$(TARGET_NAME)";
			};
			name = Debug;
		};
		502A8CC31BB80EAC0064E0DA /* Release */ = {
			isa = XCBuildConfiguration;
			buildSettings = {
				ASSETCATALOG_COMPILER_APPICON_NAME = AppIcon;
				INFOPLIST_FILE = Blagaprint/Info.plist;
				LD_RUNPATH_SEARCH_PATHS = "$(inherited) @executable_path/Frameworks";
				PRODUCT_BUNDLE_IDENTIFIER = com.IvanMagda.Blagaprint;
				PRODUCT_NAME = "$(TARGET_NAME)";
			};
			name = Release;
		};
/* End XCBuildConfiguration section */

/* Begin XCConfigurationList section */
		502A8CAA1BB80EAC0064E0DA /* Build configuration list for PBXProject "Blagaprint" */ = {
			isa = XCConfigurationList;
			buildConfigurations = (
				502A8CBF1BB80EAC0064E0DA /* Debug */,
				502A8CC01BB80EAC0064E0DA /* Release */,
			);
			defaultConfigurationIsVisible = 0;
			defaultConfigurationName = Release;
		};
		502A8CC11BB80EAC0064E0DA /* Build configuration list for PBXNativeTarget "Blagaprint" */ = {
			isa = XCConfigurationList;
			buildConfigurations = (
				502A8CC21BB80EAC0064E0DA /* Debug */,
				502A8CC31BB80EAC0064E0DA /* Release */,
			);
			defaultConfigurationIsVisible = 0;
			defaultConfigurationName = Release;
		};
/* End XCConfigurationList section */
	};
	rootObject = 502A8CA71BB80EAC0064E0DA /* Project object */;
}
